github.com/XieWeiXie/self-system/example v0.0.2 h1:do7Fxh+Zp/9ltqn6hQn9eArryVjFvHKPh+8k6S4zJkg=
github.com/XieWeiXie/self-system/example v0.0.2/go.mod h1:83Ai/TI4dkhTblS7AFpdSUlrFrEiw1TK1i15cvcgtaI=
github.com/XieWeiXie/self-system/refactor-system v0.0.2 h1:PRDObYjiCpvgYaZ04EiyMo9jpZ+CTEH9wIzrIlgsvYI=
github.com/XieWeiXie/self-system/refactor-system v0.0.2/go.mod h1:p0kuaNww56ry7rlQKFrgk/QW0WnsCJz3V+yKeXjB778=
